// !$*UTF8*$!
{
	archiveVersion = 1;
	classes = {
	};
	objectVersion = 46;
	objects = {

/* Begin PBXBuildFile section */
		F1F268BA1EC382A0006D61A9 /* AppDelegate.swift in Sources */ = {isa = PBXBuildFile; fileRef = F1F268B91EC382A0006D61A9 /* AppDelegate.swift */; };
		F1F268BC1EC382A0006D61A9 /* ViewController.swift in Sources */ = {isa = PBXBuildFile; fileRef = F1F268BB1EC382A0006D61A9 /* ViewController.swift */; };
		F1F268BF1EC382A0006D61A9 /* Main.storyboard in Resources */ = {isa = PBXBuildFile; fileRef = F1F268BD1EC382A0006D61A9 /* Main.storyboard */; };
		F1F268C11EC382A0006D61A9 /* Assets.xcassets in Resources */ = {isa = PBXBuildFile; fileRef = F1F268C01EC382A0006D61A9 /* Assets.xcassets */; };
		F1F268C41EC382A0006D61A9 /* LaunchScreen.storyboard in Resources */ = {isa = PBXBuildFile; fileRef = F1F268C21EC382A0006D61A9 /* LaunchScreen.storyboard */; };
/* End PBXBuildFile section */

/* Begin PBXFileReference section */
		F1F268B61EC382A0006D61A9 /* may_10_lecture.app */ = {isa = PBXFileReference; explicitFileType = wrapper.application; includeInIndex = 0; path = may_10_lecture.app; sourceTree = BUILT_PRODUCTS_DIR; };
		F1F268B91EC382A0006D61A9 /* AppDelegate.swift */ = {isa = PBXFileReference; lastKnownFileType = sourcecode.swift; path = AppDelegate.swift; sourceTree = "<group>"; };
		F1F268BB1EC382A0006D61A9 /* ViewController.swift */ = {isa = PBXFileReference; lastKnownFileType = sourcecode.swift; path = ViewController.swift; sourceTree = "<group>"; };
		F1F268BE1EC382A0006D61A9 /* Base */ = {isa = PBXFileReference; lastKnownFileType = file.storyboard; name = Base; path = Base.lproj/Main.storyboard; sourceTree = "<group>"; };
		F1F268C01EC382A0006D61A9 /* Assets.xcassets */ = {isa = PBXFileReference; lastKnownFileType = folder.assetcatalog; path = Assets.xcassets; sourceTree = "<group>"; };
		F1F268C31EC382A0006D61A9 /* Base */ = {isa = PBXFileReference; lastKnownFileType = file.storyboard; name = Base; path = Base.lproj/LaunchScreen.storyboard; sourceTree = "<group>"; };
		F1F268C51EC382A0006D61A9 /* Info.plist */ = {isa = PBXFileReference; lastKnownFileType = text.plist.xml; path = Info.plist; sourceTree = "<group>"; };
/* End PBXFileReference section */

/* Begin PBXFrameworksBuildPhase section */
		F1F268B31EC382A0006D61A9 /* Frameworks */ = {
			isa = PBXFrameworksBuildPhase;
			buildActionMask = 2147483647;
			files = (
			);
			runOnlyForDeploymentPostprocessing = 0;
		};
/* End PBXFrameworksBuildPhase section */

/* Begin PBXGroup section */
		F1F268AD1EC382A0006D61A9 = {
			isa = PBXGroup;
			children = (
				F1F268B81EC382A0006D61A9 /* may_10_lecture */,
				F1F268B71EC382A0006D61A9 /* Products */,
			);
			sourceTree = "<group>";
		};
		F1F268B71EC382A0006D61A9 /* Products */ = {
			isa = PBXGroup;
			children = (
				F1F268B61EC382A0006D61A9 /* may_10_lecture.app */,
			);
			name = Products;
			sourceTree = "<group>";
		};
		F1F268B81EC382A0006D61A9 /* may_10_lecture */ = {
			isa = PBXGroup;
			children = (
				F1F268B91EC382A0006D61A9 /* AppDelegate.swift */,
				F1F268BB1EC382A0006D61A9 /* ViewController.swift */,
				F1F268BD1EC382A0006D61A9 /* Main.storyboard */,
				F1F268C01EC382A0006D61A9 /* Assets.xcassets */,
				F1F268C21EC382A0006D61A9 /* LaunchScreen.storyboard */,
				F1F268C51EC382A0006D61A9 /* Info.plist */,
			);
			path = may_10_lecture;
			sourceTree = "<group>";
		};
/* End PBXGroup section */

/* Begin PBXNativeTarget section */
		F1F268B51EC382A0006D61A9 /* may_10_lecture */ = {
			isa = PBXNativeTarget;
			buildConfigurationList = F1F268C81EC382A0006D61A9 /* Build configuration list for PBXNativeTarget "may_10_lecture" */;
			buildPhases = (
				F1F268B21EC382A0006D61A9 /* Sources */,
				F1F268B31EC382A0006D61A9 /* Frameworks */,
				F1F268B41EC382A0006D61A9 /* Resources */,
			);
			buildRules = (
			);
			dependencies = (
			);
			name = may_10_lecture;
			productName = may_10_lecture;
			productReference = F1F268B61EC382A0006D61A9 /* may_10_lecture.app */;
			productType = "com.apple.product-type.application";
		};
/* End PBXNativeTarget section */

/* Begin PBXProject section */
		F1F268AE1EC382A0006D61A9 /* Project object */ = {
			isa = PBXProject;
			attributes = {
				LastSwiftUpdateCheck = 0830;
				LastUpgradeCheck = 0830;
				ORGANIZATIONNAME = "Andy Feng";
				TargetAttributes = {
					F1F268B51EC382A0006D61A9 = {
						CreatedOnToolsVersion = 8.3.2;
						DevelopmentTeam = 32H24EKY3R;
						ProvisioningStyle = Automatic;
					};
				};
			};
			buildConfigurationList = F1F268B11EC382A0006D61A9 /* Build configuration list for PBXProject "may_10_lecture" */;
			compatibilityVersion = "Xcode 3.2";
			developmentRegion = English;
			hasScannedForEncodings = 0;
			knownRegions = (
				en,
				Base,
			);
			mainGroup = F1F268AD1EC382A0006D61A9;
			productRefGroup = F1F268B71EC382A0006D61A9 /* Products */;
			projectDirPath = "";
			projectRoot = "";
			targets = (
				F1F268B51EC382A0006D61A9 /* may_10_lecture */,
			);
		};
/* End PBXProject section */

/* Begin PBXResourcesBuildPhase section */
		F1F268B41EC382A0006D61A9 /* Resources */ = {
			isa = PBXResourcesBuildPhase;
			buildActionMask = 2147483647;
			files = (
				F1F268C41EC382A0006D61A9 /* LaunchScreen.storyboard in Resources */,
				F1F268C11EC382A0006D61A9 /* Assets.xcassets in Resources */,
				F1F268BF1EC382A0006D61A9 /* Main.storyboard in Resources */,
			);
			runOnlyForDeploymentPostprocessing = 0;
		};
/* End PBXResourcesBuildPhase section */

/* Begin PBXSourcesBuildPhase section */
		F1F268B21EC382A0006D61A9 /* Sources */ = {
			isa = PBXSourcesBuildPhase;
			buildActionMask = 2147483647;
			files = (
				F1F268BC1EC382A0006D61A9 /* ViewController.swift in Sources */,
				F1F268BA1EC382A0006D61A9 /* AppDelegate.swift in Sources */,
			);
			runOnlyForDeploymentPostprocessing = 0;
		};
/* End PBXSourcesBuildPhase section */

/* Begin PBXVariantGroup section */
		F1F268BD1EC382A0006D61A9 /* Main.storyboard */ = {
			isa = PBXVariantGroup;
			children = (
				F1F268BE1EC382A0006D61A9 /* Base */,
			);
			name = Main.storyboard;
			sourceTree = "<group>";
		};
		F1F268C21EC382A0006D61A9 /* LaunchScreen.storyboard */ = {
			isa = PBXVariantGroup;
			children = (
				F1F268C31EC382A0006D61A9 /* Base */,
			);
			name = LaunchScreen.storyboard;
			sourceTree = "<group>";
		};
/* End PBXVariantGroup section */

/* Begin XCBuildConfiguration section */
		F1F268C61EC382A0006D61A9 /* Debug */ = {
			isa = XCBuildConfiguration;
			buildSettings = {
				ALWAYS_SEARCH_USER_PATHS = NO;
				CLANG_ANALYZER_NONNULL = YES;
				CLANG_ANALYZER_NUMBER_OBJECT_CONVERSION = YES_AGGRESSIVE;
				CLANG_CXX_LANGUAGE_STANDARD = "gnu++0x";
				CLANG_CXX_LIBRARY = "libc++";
				CLANG_ENABLE_MODULES = YES;
				CLANG_ENABLE_OBJC_ARC = YES;
				CLANG_WARN_BOOL_CONVERSION = YES;
				CLANG_WARN_CONSTANT_CONVERSION = YES;
				CLANG_WARN_DIRECT_OBJC_ISA_USAGE = YES_ERROR;
				CLANG_WARN_DOCUMENTATION_COMMENTS = YES;
				CLANG_WARN_EMPTY_BODY = YES;
				CLANG_WARN_ENUM_CONVERSION = YES;
				CLANG_WARN_INFINITE_RECURSION = YES;
				CLANG_WARN_INT_CONVERSION = YES;
				CLANG_WARN_OBJC_ROOT_CLASS = YES_ERROR;
				CLANG_WARN_SUSPICIOUS_MOVE = YES;
				CLANG_WARN_UNREACHABLE_CODE = YES;
				CLANG_WARN__DUPLICATE_METHOD_MATCH = YES;
				"CODE_SIGN_IDENTITY[sdk=iphoneos*]" = "iPhone Developer";
				COPY_PHASE_STRIP = NO;
				DEBUG_INFORMATION_FORMAT = dwarf;
				ENABLE_STRICT_OBJC_MSGSEND = YES;
				ENABLE_TESTABILITY = YES;
				GCC_C_LANGUAGE_STANDARD = gnu99;
				GCC_DYNAMIC_NO_PIC = NO;
				GCC_NO_COMMON_BLOCKS = YES;
				GCC_OPTIMIZATION_LEVEL = 0;
				GCC_PREPROCESSOR_DEFINITIONS = (
					"DEBUG=1",
					"$(inherited)",
				);
				GCC_WARN_64_TO_32_BIT_CONVERSION = YES;
				GCC_WARN_ABOUT_RETURN_TYPE = YES_ERROR;
				GCC_WARN_UNDECLARED_SELECTOR = YES;
				GCC_WARN_UNINITIALIZED_AUTOS = YES_AGGRESSIVE;
				GCC_WARN_UNUSED_FUNCTION = YES;
				GCC_WARN_UNUSED_VARIABLE = YES;
				IPHONEOS_DEPLOYMENT_TARGET = 10.3;
				MTL_ENABLE_DEBUG_INFO = YES;
				ONLY_ACTIVE_ARCH = YES;
				SDKROOT = iphoneos;
				SWIFT_ACTIVE_COMPILATION_CONDITIONS = DEBUG;
				SWIFT_OPTIMIZATION_LEVEL = "-Onone";
				TARGETED_DEVICE_FAMILY = "1,2";
			};
			name = Debug;
		};
		F1F268C71EC382A0006D61A9 /* Release */ = {
			isa = XCBuildConfiguration;
			buildSettings = {
				ALWAYS_SEARCH_USER_PATHS = NO;
				CLANG_ANALYZER_NONNULL = YES;
				CLANG_ANALYZER_NUMBER_OBJECT_CONVERSION = YES_AGGRESSIVE;
				CLANG_CXX_LANGUAGE_STANDARD = "gnu++0x";
				CLANG_CXX_LIBRARY = "libc++";
				CLANG_ENABLE_MODULES = YES;
				CLANG_ENABLE_OBJC_ARC = YES;
				CLANG_WARN_BOOL_CONVERSION = YES;
				CLANG_WARN_CONSTANT_CONVERSION = YES;
				CLANG_WARN_DIRECT_OBJC_ISA_USAGE = YES_ERROR;
				CLANG_WARN_DOCUMENTATION_COMMENTS = YES;
				CLANG_WARN_EMPTY_BODY = YES;
				CLANG_WARN_ENUM_CONVERSION = YES;
				CLANG_WARN_INFINITE_RECURSION = YES;
				CLANG_WARN_INT_CONVERSION = YES;
				CLANG_WARN_OBJC_ROOT_CLASS = YES_ERROR;
				CLANG_WARN_SUSPICIOUS_MOVE = YES;
				CLANG_WARN_UNREACHABLE_CODE = YES;
				CLANG_WARN__DUPLICATE_METHOD_MATCH = YES;
				"CODE_SIGN_IDENTITY[sdk=iphoneos*]" = "iPhone Developer";
				COPY_PHASE_STRIP = NO;
				DEBUG_INFORMATION_FORMAT = "dwarf-with-dsym";
				ENABLE_NS_ASSERTIONS = NO;
				ENABLE_STRICT_OBJC_MSGSEND = YES;
				GCC_C_LANGUAGE_STANDARD = gnu99;
				GCC_NO_COMMON_BLOCKS = YES;
				GCC_WARN_64_TO_32_BIT_CONVERSION = YES;
				GCC_WARN_ABOUT_RETURN_TYPE = YES_ERROR;
				GCC_WARN_UNDECLARED_SELECTOR = YES;
				GCC_WARN_UNINITIALIZED_AUTOS = YES_AGGRESSIVE;
				GCC_WARN_UNUSED_FUNCTION = YES;
				GCC_WARN_UNUSED_VARIABLE = YES;
				IPHONEOS_DEPLOYMENT_TARGET = 10.3;
				MTL_ENABLE_DEBUG_INFO = NO;
				SDKROOT = iphoneos;
				SWIFT_OPTIMIZATION_LEVEL = "-Owholemodule";
				TARGETED_DEVICE_FAMILY = "1,2";
				VALIDATE_PRODUCT = YES;
			};
			name = Release;
		};
		F1F268C91EC382A0006D61A9 /* Debug */ = {
			isa = XCBuildConfiguration;
			buildSettings = {
				ASSETCATALOG_COMPILER_APPICON_NAME = AppIcon;
				DEVELOPMENT_TEAM = 32H24EKY3R;
				INFOPLIST_FILE = may_10_lecture/Info.plist;
				LD_RUNPATH_SEARCH_PATHS = "$(inherited) @executable_path/Frameworks";
				PRODUCT_BUNDLE_IDENTIFIER = "com.andyfeng.may-10-lecture";
				PRODUCT_NAME = "$(TARGET_NAME)";
				SWIFT_VERSION = 3.0;
			};
			name = Debug;
		};
		F1F268CA1EC382A0006D61A9 /* Release */ = {
			isa = XCBuildConfiguration;
			buildSettings = {
				ASSETCATALOG_COMPILER_APPICON_NAME = AppIcon;
				DEVELOPMENT_TEAM = 32H24EKY3R;
				INFOPLIST_FILE = may_10_lecture/Info.plist;
				LD_RUNPATH_SEARCH_PATHS = "$(inherited) @executable_path/Frameworks";
				PRODUCT_BUNDLE_IDENTIFIER = "com.andyfeng.may-10-lecture";
				PRODUCT_NAME = "$(TARGET_NAME)";
				SWIFT_VERSION = 3.0;
			};
			name = Release;
		};
/* End XCBuildConfiguration section */

/* Begin XCConfigurationList section */
		F1F268B11EC382A0006D61A9 /* Build configuration list for PBXProject "may_10_lecture" */ = {
			isa = XCConfigurationList;
			buildConfigurations = (
				F1F268C61EC382A0006D61A9 /* Debug */,
				F1F268C71EC382A0006D61A9 /* Release */,
			);
			defaultConfigurationIsVisible = 0;
			defaultConfigurationName = Release;
		};
		F1F268C81EC382A0006D61A9 /* Build configuration list for PBXNativeTarget "may_10_lecture" */ = {
			isa = XCConfigurationList;
			buildConfigurations = (
				F1F268C91EC382A0006D61A9 /* Debug */,
				F1F268CA1EC382A0006D61A9 /* Release */,
			);
			defaultConfigurationIsVisible = 0;
		};
/* End XCConfigurationList section */
	};
	rootObject = F1F268AE1EC382A0006D61A9 /* Project object */;
}
